
Microsoft Visual Studio Solution File, Format Version 11.00
# Visual Studio 2010
Project("{FAE04EC0-301F-11D3-BF4B-00C04F79EFBC}") = "Assembly-CSharp", "Assembly-CSharp.csproj", "{907d0860-07e6-6fe1-e5f6-abce7d50d930}"
EndProject
Project("{FAE04EC0-301F-11D3-BF4B-00C04F79EFBC}") = "Assembly-CSharp-Editor", "Assembly-CSharp-Editor.csproj", "{448a29ec-d299-1b3f-3f8c-b0e728184850}"
EndProject
Global
	GlobalSection(SolutionConfigurationPlatforms) = preSolution
		Debug|Any CPU = Debug|Any CPU
	EndGlobalSection
	GlobalSection(ProjectConfigurationPlatforms) = postSolution
		{907d0860-07e6-6fe1-e5f6-abce7d50d930}.Debug|Any CPU.ActiveCfg = Debug|Any CPU
		{907d0860-07e6-6fe1-e5f6-abce7d50d930}.Debug|Any CPU.Build.0 = Debug|Any CPU
		{448a29ec-d299-1b3f-3f8c-b0e728184850}.Debug|Any CPU.ActiveCfg = Debug|Any CPU
		{448a29ec-d299-1b3f-3f8c-b0e728184850}.Debug|Any CPU.Build.0 = Debug|Any CPU
	EndGlobalSection
	GlobalSection(SolutionProperties) = preSolution
		HideSolutionNode = FALSE
	EndGlobalSection
EndGlobal
